
Microsoft Visual Studio Solution File, Format Version 12.00
# Visual Studio Version 17
VisualStudioVersion = 17.3.32819.101
MinimumVisualStudioVersion = 10.0.40219.1
Project("{9A19103F-16F7-4668-BE54-9A1E7A4F7556}") = "backend-projects", "dot_net-userInfo\backend-projects.csproj", "{AB13DAE3-2CCF-41BD-8B84-0839A397FBB5}"
EndProject
Global
	GlobalSection(SolutionConfigurationPlatforms) = preSolution
		Debug|Any CPU = Debug|Any CPU
		Release|Any CPU = Release|Any CPU
	EndGlobalSection
	GlobalSection(ProjectConfigurationPlatforms) = postSolution
		{AB13DAE3-2CCF-41BD-8B84-0839A397FBB5}.Debug|Any CPU.ActiveCfg = Debug|Any CPU
		{AB13DAE3-2CCF-41BD-8B84-0839A397FBB5}.Debug|Any CPU.Build.0 = Debug|Any CPU
		{AB13DAE3-2CCF-41BD-8B84-0839A397FBB5}.Release|Any CPU.ActiveCfg = Release|Any CPU
		{AB13DAE3-2CCF-41BD-8B84-0839A397FBB5}.Release|Any CPU.Build.0 = Release|Any CPU
	EndGlobalSection
	GlobalSection(SolutionProperties) = preSolution
		HideSolutionNode = FALSE
	EndGlobalSection
	GlobalSection(ExtensibilityGlobals) = postSolution
		SolutionGuid = {7EE79F69-FA1B-4C52-A244-18B5E28D5A33}
	EndGlobalSection
EndGlobal
